
Microsoft Visual Studio Solution File, Format Version 12.00
# Visual Studio Version 17
VisualStudioVersion = 17.8.34330.188
MinimumVisualStudioVersion = 10.0.40219.1
Project("{FAE04EC0-301F-11D3-BF4B-00C04F79EFBC}") = "CalculatorTDD", "CalculatorTDD\CalculatorTDD.csproj", "{28F98087-305B-4F3B-9E9F-38CF9EE88DF9}"
EndProject
Project("{FAE04EC0-301F-11D3-BF4B-00C04F79EFBC}") = "Domain", "Domain\Domain.csproj", "{B09C2AA2-5AA8-410D-BBAF-17EF8685397D}"
EndProject
Project("{FAE04EC0-301F-11D3-BF4B-00C04F79EFBC}") = "Web", "Web\Web.csproj", "{1BD42247-783D-45BD-9B1E-A4B527271F47}"
EndProject
Global
	GlobalSection(SolutionConfigurationPlatforms) = preSolution
		Debug|Any CPU = Debug|Any CPU
		Release|Any CPU = Release|Any CPU
	EndGlobalSection
	GlobalSection(ProjectConfigurationPlatforms) = postSolution
		{28F98087-305B-4F3B-9E9F-38CF9EE88DF9}.Debug|Any CPU.ActiveCfg = Debug|Any CPU
		{28F98087-305B-4F3B-9E9F-38CF9EE88DF9}.Debug|Any CPU.Build.0 = Debug|Any CPU
		{28F98087-305B-4F3B-9E9F-38CF9EE88DF9}.Release|Any CPU.ActiveCfg = Release|Any CPU
		{28F98087-305B-4F3B-9E9F-38CF9EE88DF9}.Release|Any CPU.Build.0 = Release|Any CPU
		{B09C2AA2-5AA8-410D-BBAF-17EF8685397D}.Debug|Any CPU.ActiveCfg = Debug|Any CPU
		{B09C2AA2-5AA8-410D-BBAF-17EF8685397D}.Debug|Any CPU.Build.0 = Debug|Any CPU
		{B09C2AA2-5AA8-410D-BBAF-17EF8685397D}.Release|Any CPU.ActiveCfg = Release|Any CPU
		{B09C2AA2-5AA8-410D-BBAF-17EF8685397D}.Release|Any CPU.Build.0 = Release|Any CPU
		{1BD42247-783D-45BD-9B1E-A4B527271F47}.Debug|Any CPU.ActiveCfg = Debug|Any CPU
		{1BD42247-783D-45BD-9B1E-A4B527271F47}.Debug|Any CPU.Build.0 = Debug|Any CPU
		{1BD42247-783D-45BD-9B1E-A4B527271F47}.Release|Any CPU.ActiveCfg = Release|Any CPU
		{1BD42247-783D-45BD-9B1E-A4B527271F47}.Release|Any CPU.Build.0 = Release|Any CPU
	EndGlobalSection
	GlobalSection(SolutionProperties) = preSolution
		HideSolutionNode = FALSE
	EndGlobalSection
	GlobalSection(ExtensibilityGlobals) = postSolution
		SolutionGuid = {3350BFB5-B077-43E7-ACEB-46E77B83C821}
	EndGlobalSection
EndGlobal
